// !$*UTF8*$!
{
	archiveVersion = 1;
	classes = {
	};
	objectVersion = 46;
	objects = {

/* Begin PBXBuildFile section */
		22015D6F1C4F7E9E00908BE2 /* CoreLocation.framework in Frameworks */ = {isa = PBXBuildFile; fileRef = 22015D6E1C4F7E9E00908BE2 /* CoreLocation.framework */; };
		22057D131C60830D0033B077 /* YURLProtocol.m in Sources */ = {isa = PBXBuildFile; fileRef = 22057D121C60830D0033B077 /* YURLProtocol.m */; };
		22088E7E1C10299A00A64399 /* main.m in Sources */ = {isa = PBXBuildFile; fileRef = 22088E7D1C10299A00A64399 /* main.m */; };
		22088E811C10299A00A64399 /* AppDelegate.m in Sources */ = {isa = PBXBuildFile; fileRef = 22088E801C10299A00A64399 /* AppDelegate.m */; };
		22088E841C10299A00A64399 /* ViewController.m in Sources */ = {isa = PBXBuildFile; fileRef = 22088E831C10299A00A64399 /* ViewController.m */; };
		22088E871C10299A00A64399 /* Main.storyboard in Resources */ = {isa = PBXBuildFile; fileRef = 22088E851C10299A00A64399 /* Main.storyboard */; };
		22088E891C10299A00A64399 /* Assets.xcassets in Resources */ = {isa = PBXBuildFile; fileRef = 22088E881C10299A00A64399 /* Assets.xcassets */; };
		22088E8C1C10299A00A64399 /* LaunchScreen.storyboard in Resources */ = {isa = PBXBuildFile; fileRef = 22088E8A1C10299A00A64399 /* LaunchScreen.storyboard */; };
		22088E971C10299A00A64399 /* JSCallNativeTestTests.m in Sources */ = {isa = PBXBuildFile; fileRef = 22088E961C10299A00A64399 /* JSCallNativeTestTests.m */; };
		22088EA21C10299A00A64399 /* JSCallNativeTestUITests.m in Sources */ = {isa = PBXBuildFile; fileRef = 22088EA11C10299A00A64399 /* JSCallNativeTestUITests.m */; };
		22088EB01C1029DA00A64399 /* JavaScriptCore.framework in Frameworks */ = {isa = PBXBuildFile; fileRef = 22088EAF1C1029DA00A64399 /* JavaScriptCore.framework */; };
		22088EB21C1029F000A64399 /* ExampleApp.html in Resources */ = {isa = PBXBuildFile; fileRef = 22088EB11C1029F000A64399 /* ExampleApp.html */; };
		224487891C4DD85A008D617B /* SecondViewController.m in Sources */ = {isa = PBXBuildFile; fileRef = 224487881C4DD85A008D617B /* SecondViewController.m */; };
		22539F7F1C40BB0200FDB5C2 /* www in Resources */ = {isa = PBXBuildFile; fileRef = 22539F7E1C40BB0200FDB5C2 /* www */; };
		22539F811C40BB3300FDB5C2 /* config.xml in Resources */ = {isa = PBXBuildFile; fileRef = 22539F801C40BB3300FDB5C2 /* config.xml */; };
		22539F9E1C44FEF600FDB5C2 /* main.js in Resources */ = {isa = PBXBuildFile; fileRef = 22539F9D1C44FEF600FDB5C2 /* main.js */; };
		22539FA61C462B3100FDB5C2 /* RSA.m in Sources */ = {isa = PBXBuildFile; fileRef = 22539FA51C462B3100FDB5C2 /* RSA.m */; };
		22539FAE1C47805400FDB5C2 /* js_base_64.c in Sources */ = {isa = PBXBuildFile; fileRef = 22539FA81C47805400FDB5C2 /* js_base_64.c */; };
		22539FAF1C47805400FDB5C2 /* js_rsa.c in Sources */ = {isa = PBXBuildFile; fileRef = 22539FAA1C47805400FDB5C2 /* js_rsa.c */; };
		22539FB01C47805400FDB5C2 /* JSRSA.m in Sources */ = {isa = PBXBuildFile; fileRef = 22539FAD1C47805400FDB5C2 /* JSRSA.m */; };
		22539FB31C47813600FDB5C2 /* public_key_1024.pem in Resources */ = {isa = PBXBuildFile; fileRef = 22539FB11C47813600FDB5C2 /* public_key_1024.pem */; };
		22539FB41C47813600FDB5C2 /* private_key_1024.pem in Resources */ = {isa = PBXBuildFile; fileRef = 22539FB21C47813600FDB5C2 /* private_key_1024.pem */; };
		22539FB81C47824E00FDB5C2 /* libcrypto.a in Frameworks */ = {isa = PBXBuildFile; fileRef = 22539FB61C47824E00FDB5C2 /* libcrypto.a */; };
		22539FB91C47824E00FDB5C2 /* libssl.a in Frameworks */ = {isa = PBXBuildFile; fileRef = 22539FB71C47824E00FDB5C2 /* libssl.a */; };
		608B8EBD509ACE3D3DCC2307 /* libPods-JSCallNativeTest.a in Frameworks */ = {isa = PBXBuildFile; fileRef = 151AEAD54135684E47169120 /* libPods-JSCallNativeTest.a */; };
/* End PBXBuildFile section */

/* Begin PBXContainerItemProxy section */
		22088E931C10299A00A64399 /* PBXContainerItemProxy */ = {
			isa = PBXContainerItemProxy;
			containerPortal = 22088E711C10299A00A64399 /* Project object */;
			proxyType = 1;
			remoteGlobalIDString = 22088E781C10299A00A64399;
			remoteInfo = JSCallNativeTest;
		};
		22088E9E1C10299A00A64399 /* PBXContainerItemProxy */ = {
			isa = PBXContainerItemProxy;
			containerPortal = 22088E711C10299A00A64399 /* Project object */;
			proxyType = 1;
			remoteGlobalIDString = 22088E781C10299A00A64399;
			remoteInfo = JSCallNativeTest;
		};
/* End PBXContainerItemProxy section */

/* Begin PBXFileReference section */
		151AEAD54135684E47169120 /* libPods-JSCallNativeTest.a */ = {isa = PBXFileReference; explicitFileType = archive.ar; includeInIndex = 0; path = "libPods-JSCallNativeTest.a"; sourceTree = BUILT_PRODUCTS_DIR; };
		22015D6E1C4F7E9E00908BE2 /* CoreLocation.framework */ = {isa = PBXFileReference; lastKnownFileType = wrapper.framework; name = CoreLocation.framework; path = System/Library/Frameworks/CoreLocation.framework; sourceTree = SDKROOT; };
		22057D111C60830D0033B077 /* YURLProtocol.h */ = {isa = PBXFileReference; fileEncoding = 4; lastKnownFileType = sourcecode.c.h; path = YURLProtocol.h; sourceTree = "<group>"; };
		22057D121C60830D0033B077 /* YURLProtocol.m */ = {isa = PBXFileReference; fileEncoding = 4; lastKnownFileType = sourcecode.c.objc; path = YURLProtocol.m; sourceTree = "<group>"; };
		22088E791C10299A00A64399 /* JSCallNativeTest.app */ = {isa = PBXFileReference; explicitFileType = wrapper.application; includeInIndex = 0; path = JSCallNativeTest.app; sourceTree = BUILT_PRODUCTS_DIR; };
		22088E7D1C10299A00A64399 /* main.m */ = {isa = PBXFileReference; lastKnownFileType = sourcecode.c.objc; path = main.m; sourceTree = "<group>"; };
		22088E7F1C10299A00A64399 /* AppDelegate.h */ = {isa = PBXFileReference; lastKnownFileType = sourcecode.c.h; path = AppDelegate.h; sourceTree = "<group>"; };
		22088E801C10299A00A64399 /* AppDelegate.m */ = {isa = PBXFileReference; lastKnownFileType = sourcecode.c.objc; path = AppDelegate.m; sourceTree = "<group>"; };
		22088E821C10299A00A64399 /* ViewController.h */ = {isa = PBXFileReference; lastKnownFileType = sourcecode.c.h; path = ViewController.h; sourceTree = "<group>"; };
		22088E831C10299A00A64399 /* ViewController.m */ = {isa = PBXFileReference; lastKnownFileType = sourcecode.c.objc; path = ViewController.m; sourceTree = "<group>"; };
		22088E861C10299A00A64399 /* Base */ = {isa = PBXFileReference; lastKnownFileType = file.storyboard; name = Base; path = Base.lproj/Main.storyboard; sourceTree = "<group>"; };
		22088E881C10299A00A64399 /* Assets.xcassets */ = {isa = PBXFileReference; lastKnownFileType = folder.assetcatalog; path = Assets.xcassets; sourceTree = "<group>"; };
		22088E8B1C10299A00A64399 /* Base */ = {isa = PBXFileReference; lastKnownFileType = file.storyboard; name = Base; path = Base.lproj/LaunchScreen.storyboard; sourceTree = "<group>"; };
		22088E8D1C10299A00A64399 /* Info.plist */ = {isa = PBXFileReference; lastKnownFileType = text.plist.xml; path = Info.plist; sourceTree = "<group>"; };
		22088E921C10299A00A64399 /* JSCallNativeTestTests.xctest */ = {isa = PBXFileReference; explicitFileType = wrapper.cfbundle; includeInIndex = 0; path = JSCallNativeTestTests.xctest; sourceTree = BUILT_PRODUCTS_DIR; };
		22088E961C10299A00A64399 /* JSCallNativeTestTests.m */ = {isa = PBXFileReference; lastKnownFileType = sourcecode.c.objc; path = JSCallNativeTestTests.m; sourceTree = "<group>"; };
		22088E981C10299A00A64399 /* Info.plist */ = {isa = PBXFileReference; lastKnownFileType = text.plist.xml; path = Info.plist; sourceTree = "<group>"; };
		22088E9D1C10299A00A64399 /* JSCallNativeTestUITests.xctest */ = {isa = PBXFileReference; explicitFileType = wrapper.cfbundle; includeInIndex = 0; path = JSCallNativeTestUITests.xctest; sourceTree = BUILT_PRODUCTS_DIR; };
		22088EA11C10299A00A64399 /* JSCallNativeTestUITests.m */ = {isa = PBXFileReference; lastKnownFileType = sourcecode.c.objc; path = JSCallNativeTestUITests.m; sourceTree = "<group>"; };
		22088EA31C10299A00A64399 /* Info.plist */ = {isa = PBXFileReference; lastKnownFileType = text.plist.xml; path = Info.plist; sourceTree = "<group>"; };
		22088EAF1C1029DA00A64399 /* JavaScriptCore.framework */ = {isa = PBXFileReference; lastKnownFileType = wrapper.framework; name = JavaScriptCore.framework; path = System/Library/Frameworks/JavaScriptCore.framework; sourceTree = SDKROOT; };
		22088EB11C1029F000A64399 /* ExampleApp.html */ = {isa = PBXFileReference; fileEncoding = 4; lastKnownFileType = text.html; path = ExampleApp.html; sourceTree = "<group>"; };
		224487871C4DD85A008D617B /* SecondViewController.h */ = {isa = PBXFileReference; fileEncoding = 4; lastKnownFileType = sourcecode.c.h; path = SecondViewController.h; sourceTree = "<group>"; };
		224487881C4DD85A008D617B /* SecondViewController.m */ = {isa = PBXFileReference; fileEncoding = 4; lastKnownFileType = sourcecode.c.objc; path = SecondViewController.m; sourceTree = "<group>"; };
		22539F7E1C40BB0200FDB5C2 /* www */ = {isa = PBXFileReference; lastKnownFileType = folder; path = www; sourceTree = "<group>"; };
		22539F801C40BB3300FDB5C2 /* config.xml */ = {isa = PBXFileReference; fileEncoding = 4; lastKnownFileType = text.xml; path = config.xml; sourceTree = "<group>"; };
		22539F9D1C44FEF600FDB5C2 /* main.js */ = {isa = PBXFileReference; fileEncoding = 4; lastKnownFileType = sourcecode.javascript; path = main.js; sourceTree = "<group>"; };
		22539FA41C462B3100FDB5C2 /* RSA.h */ = {isa = PBXFileReference; fileEncoding = 4; lastKnownFileType = sourcecode.c.h; path = RSA.h; sourceTree = "<group>"; };
		22539FA51C462B3100FDB5C2 /* RSA.m */ = {isa = PBXFileReference; fileEncoding = 4; lastKnownFileType = sourcecode.c.objc; path = RSA.m; sourceTree = "<group>"; };
		22539FA81C47805400FDB5C2 /* js_base_64.c */ = {isa = PBXFileReference; fileEncoding = 4; lastKnownFileType = sourcecode.c.c; path = js_base_64.c; sourceTree = "<group>"; };
		22539FA91C47805400FDB5C2 /* js_base_64.h */ = {isa = PBXFileReference; fileEncoding = 4; lastKnownFileType = sourcecode.c.h; path = js_base_64.h; sourceTree = "<group>"; };
		22539FAA1C47805400FDB5C2 /* js_rsa.c */ = {isa = PBXFileReference; fileEncoding = 4; lastKnownFileType = sourcecode.c.c; path = js_rsa.c; sourceTree = "<group>"; };
		22539FAB1C47805400FDB5C2 /* js_rsa.h */ = {isa = PBXFileReference; fileEncoding = 4; lastKnownFileType = sourcecode.c.h; path = js_rsa.h; sourceTree = "<group>"; };
		22539FAC1C47805400FDB5C2 /* JSRSA.h */ = {isa = PBXFileReference; fileEncoding = 4; lastKnownFileType = sourcecode.c.h; path = JSRSA.h; sourceTree = "<group>"; };
		22539FAD1C47805400FDB5C2 /* JSRSA.m */ = {isa = PBXFileReference; fileEncoding = 4; lastKnownFileType = sourcecode.c.objc; path = JSRSA.m; sourceTree = "<group>"; };
		22539FB11C47813600FDB5C2 /* public_key_1024.pem */ = {isa = PBXFileReference; fileEncoding = 4; lastKnownFileType = text; path = public_key_1024.pem; sourceTree = "<group>"; };
		22539FB21C47813600FDB5C2 /* private_key_1024.pem */ = {isa = PBXFileReference; fileEncoding = 4; lastKnownFileType = text; path = private_key_1024.pem; sourceTree = "<group>"; };
		22539FB61C47824E00FDB5C2 /* libcrypto.a */ = {isa = PBXFileReference; lastKnownFileType = archive.ar; path = libcrypto.a; sourceTree = "<group>"; };
		22539FB71C47824E00FDB5C2 /* libssl.a */ = {isa = PBXFileReference; lastKnownFileType = archive.ar; path = libssl.a; sourceTree = "<group>"; };
		22539FBC1C47826700FDB5C2 /* aes.h */ = {isa = PBXFileReference; fileEncoding = 4; lastKnownFileType = sourcecode.c.h; path = aes.h; sourceTree = "<group>"; };
		22539FBD1C47826700FDB5C2 /* asn1.h */ = {isa = PBXFileReference; fileEncoding = 4; lastKnownFileType = sourcecode.c.h; path = asn1.h; sourceTree = "<group>"; };
		22539FBE1C47826700FDB5C2 /* asn1_mac.h */ = {isa = PBXFileReference; fileEncoding = 4; lastKnownFileType = sourcecode.c.h; path = asn1_mac.h; sourceTree = "<group>"; };
		22539FBF1C47826700FDB5C2 /* asn1t.h */ = {isa = PBXFileReference; fileEncoding = 4; lastKnownFileType = sourcecode.c.h; path = asn1t.h; sourceTree = "<group>"; };
		22539FC01C47826700FDB5C2 /* bio.h */ = {isa = PBXFileReference; fileEncoding = 4; lastKnownFileType = sourcecode.c.h; path = bio.h; sourceTree = "<group>"; };
		22539FC11C47826700FDB5C2 /* blowfish.h */ = {isa = PBXFileReference; fileEncoding = 4; lastKnownFileType = sourcecode.c.h; path = blowfish.h; sourceTree = "<group>"; };
		22539FC21C47826700FDB5C2 /* bn.h */ = {isa = PBXFileReference; fileEncoding = 4; lastKnownFileType = sourcecode.c.h; path = bn.h; sourceTree = "<group>"; };
		22539FC31C47826700FDB5C2 /* buffer.h */ = {isa = PBXFileReference; fileEncoding = 4; lastKnownFileType = sourcecode.c.h; path = buffer.h; sourceTree = "<group>"; };
		22539FC41C47826700FDB5C2 /* camellia.h */ = {isa = PBXFileReference; fileEncoding = 4; lastKnownFileType = sourcecode.c.h; path = camellia.h; sourceTree = "<group>"; };
		22539FC51C47826700FDB5C2 /* cast.h */ = {isa = PBXFileReference; fileEncoding = 4; lastKnownFileType = sourcecode.c.h; path = cast.h; sourceTree = "<group>"; };
		22539FC61C47826700FDB5C2 /* cmac.h */ = {isa = PBXFileReference; fileEncoding = 4; lastKnownFileType = sourcecode.c.h; path = cmac.h; sourceTree = "<group>"; };
		22539FC71C47826700FDB5C2 /* cms.h */ = {isa = PBXFileReference; fileEncoding = 4; lastKnownFileType = sourcecode.c.h; path = cms.h; sourceTree = "<group>"; };
		22539FC81C47826700FDB5C2 /* comp.h */ = {isa = PBXFileReference; fileEncoding = 4; lastKnownFileType = sourcecode.c.h; path = comp.h; sourceTree = "<group>"; };
		22539FC91C47826700FDB5C2 /* conf.h */ = {isa = PBXFileReference; fileEncoding = 4; lastKnownFileType = sourcecode.c.h; path = conf.h; sourceTree = "<group>"; };
		22539FCA1C47826700FDB5C2 /* conf_api.h */ = {isa = PBXFileReference; fileEncoding = 4; lastKnownFileType = sourcecode.c.h; path = conf_api.h; sourceTree = "<group>"; };
		22539FCB1C47826700FDB5C2 /* crypto.h */ = {isa = PBXFileReference; fileEncoding = 4; lastKnownFileType = sourcecode.c.h; path = crypto.h; sourceTree = "<group>"; };
		22539FCC1C47826700FDB5C2 /* des.h */ = {isa = PBXFileReference; fileEncoding = 4; lastKnownFileType = sourcecode.c.h; path = des.h; sourceTree = "<group>"; };
		22539FCD1C47826700FDB5C2 /* des_old.h */ = {isa = PBXFileReference; fileEncoding = 4; lastKnownFileType = sourcecode.c.h; path = des_old.h; sourceTree = "<group>"; };
		22539FCE1C47826700FDB5C2 /* dh.h */ = {isa = PBXFileReference; fileEncoding = 4; lastKnownFileType = sourcecode.c.h; path = dh.h; sourceTree = "<group>"; };
		22539FCF1C47826700FDB5C2 /* dsa.h */ = {isa = PBXFileReference; fileEncoding = 4; lastKnownFileType = sourcecode.c.h; path = dsa.h; sourceTree = "<group>"; };
		22539FD01C47826700FDB5C2 /* dso.h */ = {isa = PBXFileReference; fileEncoding = 4; lastKnownFileType = sourcecode.c.h; path = dso.h; sourceTree = "<group>"; };
		22539FD11C47826700FDB5C2 /* dtls1.h */ = {isa = PBXFileReference; fileEncoding = 4; lastKnownFileType = sourcecode.c.h; path = dtls1.h; sourceTree = "<group>"; };
		22539FD21C47826700FDB5C2 /* e_os2.h */ = {isa = PBXFileReference; fileEncoding = 4; lastKnownFileType = sourcecode.c.h; path = e_os2.h; sourceTree = "<group>"; };
		22539FD31C47826700FDB5C2 /* ebcdic.h */ = {isa = PBXFileReference; fileEncoding = 4; lastKnownFileType = sourcecode.c.h; path = ebcdic.h; sourceTree = "<group>"; };
		22539FD41C47826700FDB5C2 /* ec.h */ = {isa = PBXFileReference; fileEncoding = 4; lastKnownFileType = sourcecode.c.h; path = ec.h; sourceTree = "<group>"; };
		22539FD51C47826700FDB5C2 /* ecdh.h */ = {isa = PBXFileReference; fileEncoding = 4; lastKnownFileType = sourcecode.c.h; path = ecdh.h; sourceTree = "<group>"; };
		22539FD61C47826700FDB5C2 /* ecdsa.h */ = {isa = PBXFileReference; fileEncoding = 4; lastKnownFileType = sourcecode.c.h; path = ecdsa.h; sourceTree = "<group>"; };
		22539FD71C47826700FDB5C2 /* engine.h */ = {isa = PBXFileReference; fileEncoding = 4; lastKnownFileType = sourcecode.c.h; path = engine.h; sourceTree = "<group>"; };
		22539FD81C47826700FDB5C2 /* err.h */ = {isa = PBXFileReference; fileEncoding = 4; lastKnownFileType = sourcecode.c.h; path = err.h; sourceTree = "<group>"; };
		22539FD91C47826700FDB5C2 /* evp.h */ = {isa = PBXFileReference; fileEncoding = 4; lastKnownFileType = sourcecode.c.h; path = evp.h; sourceTree = "<group>"; };
		22539FDA1C47826700FDB5C2 /* hmac.h */ = {isa = PBXFileReference; fileEncoding = 4; lastKnownFileType = sourcecode.c.h; path = hmac.h; sourceTree = "<group>"; };
		22539FDB1C47826700FDB5C2 /* idea.h */ = {isa = PBXFileReference; fileEncoding = 4; lastKnownFileType = sourcecode.c.h; path = idea.h; sourceTree = "<group>"; };
		22539FDC1C47826700FDB5C2 /* krb5_asn.h */ = {isa = PBXFileReference; fileEncoding = 4; lastKnownFileType = sourcecode.c.h; path = krb5_asn.h; sourceTree = "<group>"; };
		22539FDD1C47826700FDB5C2 /* kssl.h */ = {isa = PBXFileReference; fileEncoding = 4; lastKnownFileType = sourcecode.c.h; path = kssl.h; sourceTree = "<group>"; };
		22539FDE1C47826700FDB5C2 /* lhash.h */ = {isa = PBXFileReference; fileEncoding = 4; lastKnownFileType = sourcecode.c.h; path = lhash.h; sourceTree = "<group>"; };
		22539FDF1C47826700FDB5C2 /* md4.h */ = {isa = PBXFileReference; fileEncoding = 4; lastKnownFileType = sourcecode.c.h; path = md4.h; sourceTree = "<group>"; };
		22539FE01C47826700FDB5C2 /* md5.h */ = {isa = PBXFileReference; fileEncoding = 4; lastKnownFileType = sourcecode.c.h; path = md5.h; sourceTree = "<group>"; };
		22539FE11C47826700FDB5C2 /* mdc2.h */ = {isa = PBXFileReference; fileEncoding = 4; lastKnownFileType = sourcecode.c.h; path = mdc2.h; sourceTree = "<group>"; };
		22539FE21C47826700FDB5C2 /* modes.h */ = {isa = PBXFileReference; fileEncoding = 4; lastKnownFileType = sourcecode.c.h; path = modes.h; sourceTree = "<group>"; };
		22539FE31C47826700FDB5C2 /* obj_mac.h */ = {isa = PBXFileReference; fileEncoding = 4; lastKnownFileType = sourcecode.c.h; path = obj_mac.h; sourceTree = "<group>"; };
		22539FE41C47826700FDB5C2 /* objects.h */ = {isa = PBXFileReference; fileEncoding = 4; lastKnownFileType = sourcecode.c.h; path = objects.h; sourceTree = "<group>"; };
		22539FE51C47826700FDB5C2 /* ocsp.h */ = {isa = PBXFileReference; fileEncoding = 4; lastKnownFileType = sourcecode.c.h; path = ocsp.h; sourceTree = "<group>"; };
		22539FE61C47826700FDB5C2 /* opensslconf.h */ = {isa = PBXFileReference; fileEncoding = 4; lastKnownFileType = sourcecode.c.h; path = opensslconf.h; sourceTree = "<group>"; };
		22539FE71C47826700FDB5C2 /* opensslv.h */ = {isa = PBXFileReference; fileEncoding = 4; lastKnownFileType = sourcecode.c.h; path = opensslv.h; sourceTree = "<group>"; };
		22539FE81C47826700FDB5C2 /* ossl_typ.h */ = {isa = PBXFileReference; fileEncoding = 4; lastKnownFileType = sourcecode.c.h; path = ossl_typ.h; sourceTree = "<group>"; };
		22539FE91C47826700FDB5C2 /* pem.h */ = {isa = PBXFileReference; fileEncoding = 4; lastKnownFileType = sourcecode.c.h; path = pem.h; sourceTree = "<group>"; };
		22539FEA1C47826700FDB5C2 /* pem2.h */ = {isa = PBXFileReference; fileEncoding = 4; lastKnownFileType = sourcecode.c.h; path = pem2.h; sourceTree = "<group>"; };
		22539FEB1C47826700FDB5C2 /* pkcs12.h */ = {isa = PBXFileReference; fileEncoding = 4; lastKnownFileType = sourcecode.c.h; path = pkcs12.h; sourceTree = "<group>"; };
		22539FEC1C47826700FDB5C2 /* pkcs7.h */ = {isa = PBXFileReference; fileEncoding = 4; lastKnownFileType = sourcecode.c.h; path = pkcs7.h; sourceTree = "<group>"; };
		22539FED1C47826700FDB5C2 /* pqueue.h */ = {isa = PBXFileReference; fileEncoding = 4; lastKnownFileType = sourcecode.c.h; path = pqueue.h; sourceTree = "<group>"; };
		22539FEE1C47826700FDB5C2 /* rand.h */ = {isa = PBXFileReference; fileEncoding = 4; lastKnownFileType = sourcecode.c.h; path = rand.h; sourceTree = "<group>"; };
		22539FEF1C47826700FDB5C2 /* rc2.h */ = {isa = PBXFileReference; fileEncoding = 4; lastKnownFileType = sourcecode.c.h; path = rc2.h; sourceTree = "<group>"; };
		22539FF01C47826700FDB5C2 /* rc4.h */ = {isa = PBXFileReference; fileEncoding = 4; lastKnownFileType = sourcecode.c.h; path = rc4.h; sourceTree = "<group>"; };
		22539FF11C47826700FDB5C2 /* ripemd.h */ = {isa = PBXFileReference; fileEncoding = 4; lastKnownFileType = sourcecode.c.h; path = ripemd.h; sourceTree = "<group>"; };
		22539FF21C47826700FDB5C2 /* rsa.h */ = {isa = PBXFileReference; fileEncoding = 4; lastKnownFileType = sourcecode.c.h; path = rsa.h; sourceTree = "<group>"; };
		22539FF31C47826700FDB5C2 /* safestack.h */ = {isa = PBXFileReference; fileEncoding = 4; lastKnownFileType = sourcecode.c.h; path = safestack.h; sourceTree = "<group>"; };
		22539FF41C47826700FDB5C2 /* seed.h */ = {isa = PBXFileReference; fileEncoding = 4; lastKnownFileType = sourcecode.c.h; path = seed.h; sourceTree = "<group>"; };
		22539FF51C47826700FDB5C2 /* sha.h */ = {isa = PBXFileReference; fileEncoding = 4; lastKnownFileType = sourcecode.c.h; path = sha.h; sourceTree = "<group>"; };
		22539FF61C47826700FDB5C2 /* srp.h */ = {isa = PBXFileReference; fileEncoding = 4; lastKnownFileType = sourcecode.c.h; path = srp.h; sourceTree = "<group>"; };
		22539FF71C47826700FDB5C2 /* srtp.h */ = {isa = PBXFileReference; fileEncoding = 4; lastKnownFileType = sourcecode.c.h; path = srtp.h; sourceTree = "<group>"; };
		22539FF81C47826700FDB5C2 /* ssl.h */ = {isa = PBXFileReference; fileEncoding = 4; lastKnownFileType = sourcecode.c.h; path = ssl.h; sourceTree = "<group>"; };
		22539FF91C47826700FDB5C2 /* ssl2.h */ = {isa = PBXFileReference; fileEncoding = 4; lastKnownFileType = sourcecode.c.h; path = ssl2.h; sourceTree = "<group>"; };
		22539FFA1C47826700FDB5C2 /* ssl23.h */ = {isa = PBXFileReference; fileEncoding = 4; lastKnownFileType = sourcecode.c.h; path = ssl23.h; sourceTree = "<group>"; };
		22539FFB1C47826700FDB5C2 /* ssl3.h */ = {isa = PBXFileReference; fileEncoding = 4; lastKnownFileType = sourcecode.c.h; path = ssl3.h; sourceTree = "<group>"; };
		22539FFC1C47826700FDB5C2 /* stack.h */ = {isa = PBXFileReference; fileEncoding = 4; lastKnownFileType = sourcecode.c.h; path = stack.h; sourceTree = "<group>"; };
		22539FFD1C47826700FDB5C2 /* symhacks.h */ = {isa = PBXFileReference; fileEncoding = 4; lastKnownFileType = sourcecode.c.h; path = symhacks.h; sourceTree = "<group>"; };
		22539FFE1C47826700FDB5C2 /* tls1.h */ = {isa = PBXFileReference; fileEncoding = 4; lastKnownFileType = sourcecode.c.h; path = tls1.h; sourceTree = "<group>"; };
		22539FFF1C47826700FDB5C2 /* ts.h */ = {isa = PBXFileReference; fileEncoding = 4; lastKnownFileType = sourcecode.c.h; path = ts.h; sourceTree = "<group>"; };
		2253A0001C47826700FDB5C2 /* txt_db.h */ = {isa = PBXFileReference; fileEncoding = 4; lastKnownFileType = sourcecode.c.h; path = txt_db.h; sourceTree = "<group>"; };
		2253A0011C47826700FDB5C2 /* ui.h */ = {isa = PBXFileReference; fileEncoding = 4; lastKnownFileType = sourcecode.c.h; path = ui.h; sourceTree = "<group>"; };
		2253A0021C47826700FDB5C2 /* ui_compat.h */ = {isa = PBXFileReference; fileEncoding = 4; lastKnownFileType = sourcecode.c.h; path = ui_compat.h; sourceTree = "<group>"; };
		2253A0031C47826700FDB5C2 /* whrlpool.h */ = {isa = PBXFileReference; fileEncoding = 4; lastKnownFileType = sourcecode.c.h; path = whrlpool.h; sourceTree = "<group>"; };
		2253A0041C47826700FDB5C2 /* x509.h */ = {isa = PBXFileReference; fileEncoding = 4; lastKnownFileType = sourcecode.c.h; path = x509.h; sourceTree = "<group>"; };
		2253A0051C47826700FDB5C2 /* x509_vfy.h */ = {isa = PBXFileReference; fileEncoding = 4; lastKnownFileType = sourcecode.c.h; path = x509_vfy.h; sourceTree = "<group>"; };
		2253A0061C47826700FDB5C2 /* x509v3.h */ = {isa = PBXFileReference; fileEncoding = 4; lastKnownFileType = sourcecode.c.h; path = x509v3.h; sourceTree = "<group>"; };
		960527291BFE83593315BC5B /* Pods-JSCallNativeTest.release.xcconfig */ = {isa = PBXFileReference; includeInIndex = 1; lastKnownFileType = text.xcconfig; name = "Pods-JSCallNativeTest.release.xcconfig"; path = "Pods/Target Support Files/Pods-JSCallNativeTest/Pods-JSCallNativeTest.release.xcconfig"; sourceTree = "<group>"; };
		B965679FB85CF2612D3FABA5 /* Pods-JSCallNativeTest.debug.xcconfig */ = {isa = PBXFileReference; includeInIndex = 1; lastKnownFileType = text.xcconfig; name = "Pods-JSCallNativeTest.debug.xcconfig"; path = "Pods/Target Support Files/Pods-JSCallNativeTest/Pods-JSCallNativeTest.debug.xcconfig"; sourceTree = "<group>"; };
/* End PBXFileReference section */

/* Begin PBXFrameworksBuildPhase section */
		22088E761C10299A00A64399 /* Frameworks */ = {
			isa = PBXFrameworksBuildPhase;
			buildActionMask = 2147483647;
			files = (
				22015D6F1C4F7E9E00908BE2 /* CoreLocation.framework in Frameworks */,
				22539FB91C47824E00FDB5C2 /* libssl.a in Frameworks */,
				22088EB01C1029DA00A64399 /* JavaScriptCore.framework in Frameworks */,
				608B8EBD509ACE3D3DCC2307 /* libPods-JSCallNativeTest.a in Frameworks */,
				22539FB81C47824E00FDB5C2 /* libcrypto.a in Frameworks */,
			);
			runOnlyForDeploymentPostprocessing = 0;
		};
		22088E8F1C10299A00A64399 /* Frameworks */ = {
			isa = PBXFrameworksBuildPhase;
			buildActionMask = 2147483647;
			files = (
			);
			runOnlyForDeploymentPostprocessing = 0;
		};
		22088E9A1C10299A00A64399 /* Frameworks */ = {
			isa = PBXFrameworksBuildPhase;
			buildActionMask = 2147483647;
			files = (
			);
			runOnlyForDeploymentPostprocessing = 0;
		};
/* End PBXFrameworksBuildPhase section */

/* Begin PBXGroup section */
		22088E701C10299A00A64399 = {
			isa = PBXGroup;
			children = (
				22539F801C40BB3300FDB5C2 /* config.xml */,
				22539F9D1C44FEF600FDB5C2 /* main.js */,
				22539F7E1C40BB0200FDB5C2 /* www */,
				22088E7B1C10299A00A64399 /* JSCallNativeTest */,
				22088E951C10299A00A64399 /* JSCallNativeTestTests */,
				22088EA01C10299A00A64399 /* JSCallNativeTestUITests */,
				22088E7A1C10299A00A64399 /* Products */,
				8CB1C292D04DDD03EF028F9C /* Pods */,
				DBA67137685D5218AA204DF1 /* Frameworks */,
			);
			sourceTree = "<group>";
		};
		22088E7A1C10299A00A64399 /* Products */ = {
			isa = PBXGroup;
			children = (
				22088E791C10299A00A64399 /* JSCallNativeTest.app */,
				22088E921C10299A00A64399 /* JSCallNativeTestTests.xctest */,
				22088E9D1C10299A00A64399 /* JSCallNativeTestUITests.xctest */,
			);
			name = Products;
			sourceTree = "<group>";
		};
		22088E7B1C10299A00A64399 /* JSCallNativeTest */ = {
			isa = PBXGroup;
			children = (
				22539FA71C47805400FDB5C2 /* RSA-objc */,
				22088EB11C1029F000A64399 /* ExampleApp.html */,
				22088E7F1C10299A00A64399 /* AppDelegate.h */,
				22088E801C10299A00A64399 /* AppDelegate.m */,
				22088E821C10299A00A64399 /* ViewController.h */,
				22088E831C10299A00A64399 /* ViewController.m */,
				224487871C4DD85A008D617B /* SecondViewController.h */,
				224487881C4DD85A008D617B /* SecondViewController.m */,
				22539FA41C462B3100FDB5C2 /* RSA.h */,
				22539FA51C462B3100FDB5C2 /* RSA.m */,
				22057D111C60830D0033B077 /* YURLProtocol.h */,
				22057D121C60830D0033B077 /* YURLProtocol.m */,
				22088E851C10299A00A64399 /* Main.storyboard */,
				22088E881C10299A00A64399 /* Assets.xcassets */,
				22088E8A1C10299A00A64399 /* LaunchScreen.storyboard */,
				22088E8D1C10299A00A64399 /* Info.plist */,
				22088E7C1C10299A00A64399 /* Supporting Files */,
			);
			path = JSCallNativeTest;
			sourceTree = "<group>";
		};
		22088E7C1C10299A00A64399 /* Supporting Files */ = {
			isa = PBXGroup;
			children = (
				22088E7D1C10299A00A64399 /* main.m */,
			);
			name = "Supporting Files";
			sourceTree = "<group>";
		};
		22088E951C10299A00A64399 /* JSCallNativeTestTests */ = {
			isa = PBXGroup;
			children = (
				22088E961C10299A00A64399 /* JSCallNativeTestTests.m */,
				22088E981C10299A00A64399 /* Info.plist */,
			);
			path = JSCallNativeTestTests;
			sourceTree = "<group>";
		};
		22088EA01C10299A00A64399 /* JSCallNativeTestUITests */ = {
			isa = PBXGroup;
			children = (
				22088EA11C10299A00A64399 /* JSCallNativeTestUITests.m */,
				22088EA31C10299A00A64399 /* Info.plist */,
			);
			path = JSCallNativeTestUITests;
			sourceTree = "<group>";
		};
		22539FA71C47805400FDB5C2 /* RSA-objc */ = {
			isa = PBXGroup;
			children = (
				22539FBA1C47826700FDB5C2 /* include */,
				22539FB51C47824E00FDB5C2 /* lib */,
				22539FA81C47805400FDB5C2 /* js_base_64.c */,
				22539FA91C47805400FDB5C2 /* js_base_64.h */,
				22539FAA1C47805400FDB5C2 /* js_rsa.c */,
				22539FAB1C47805400FDB5C2 /* js_rsa.h */,
				22539FAC1C47805400FDB5C2 /* JSRSA.h */,
				22539FAD1C47805400FDB5C2 /* JSRSA.m */,
				22539FB11C47813600FDB5C2 /* public_key_1024.pem */,
				22539FB21C47813600FDB5C2 /* private_key_1024.pem */,
			);
			path = "RSA-objc";
			sourceTree = "<group>";
		};
		22539FB51C47824E00FDB5C2 /* lib */ = {
			isa = PBXGroup;
			children = (
				22539FB61C47824E00FDB5C2 /* libcrypto.a */,
				22539FB71C47824E00FDB5C2 /* libssl.a */,
			);
			path = lib;
			sourceTree = "<group>";
		};
		22539FBA1C47826700FDB5C2 /* include */ = {
			isa = PBXGroup;
			children = (
				22539FBB1C47826700FDB5C2 /* openssl */,
			);
			path = include;
			sourceTree = "<group>";
		};
		22539FBB1C47826700FDB5C2 /* openssl */ = {
			isa = PBXGroup;
			children = (
				22539FBC1C47826700FDB5C2 /* aes.h */,
				22539FBD1C47826700FDB5C2 /* asn1.h */,
				22539FBE1C47826700FDB5C2 /* asn1_mac.h */,
				22539FBF1C47826700FDB5C2 /* asn1t.h */,
				22539FC01C47826700FDB5C2 /* bio.h */,
				22539FC11C47826700FDB5C2 /* blowfish.h */,
				22539FC21C47826700FDB5C2 /* bn.h */,
				22539FC31C47826700FDB5C2 /* buffer.h */,
				22539FC41C47826700FDB5C2 /* camellia.h */,
				22539FC51C47826700FDB5C2 /* cast.h */,
				22539FC61C47826700FDB5C2 /* cmac.h */,
				22539FC71C47826700FDB5C2 /* cms.h */,
				22539FC81C47826700FDB5C2 /* comp.h */,
				22539FC91C47826700FDB5C2 /* conf.h */,
				22539FCA1C47826700FDB5C2 /* conf_api.h */,
				22539FCB1C47826700FDB5C2 /* crypto.h */,
				22539FCC1C47826700FDB5C2 /* des.h */,
				22539FCD1C47826700FDB5C2 /* des_old.h */,
				22539FCE1C47826700FDB5C2 /* dh.h */,
				22539FCF1C47826700FDB5C2 /* dsa.h */,
				22539FD01C47826700FDB5C2 /* dso.h */,
				22539FD11C47826700FDB5C2 /* dtls1.h */,
				22539FD21C47826700FDB5C2 /* e_os2.h */,
				22539FD31C47826700FDB5C2 /* ebcdic.h */,
				22539FD41C47826700FDB5C2 /* ec.h */,
				22539FD51C47826700FDB5C2 /* ecdh.h */,
				22539FD61C47826700FDB5C2 /* ecdsa.h */,
				22539FD71C47826700FDB5C2 /* engine.h */,
				22539FD81C47826700FDB5C2 /* err.h */,
				22539FD91C47826700FDB5C2 /* evp.h */,
				22539FDA1C47826700FDB5C2 /* hmac.h */,
				22539FDB1C47826700FDB5C2 /* idea.h */,
				22539FDC1C47826700FDB5C2 /* krb5_asn.h */,
				22539FDD1C47826700FDB5C2 /* kssl.h */,
				22539FDE1C47826700FDB5C2 /* lhash.h */,
				22539FDF1C47826700FDB5C2 /* md4.h */,
				22539FE01C47826700FDB5C2 /* md5.h */,
				22539FE11C47826700FDB5C2 /* mdc2.h */,
				22539FE21C47826700FDB5C2 /* modes.h */,
				22539FE31C47826700FDB5C2 /* obj_mac.h */,
				22539FE41C47826700FDB5C2 /* objects.h */,
				22539FE51C47826700FDB5C2 /* ocsp.h */,
				22539FE61C47826700FDB5C2 /* opensslconf.h */,
				22539FE71C47826700FDB5C2 /* opensslv.h */,
				22539FE81C47826700FDB5C2 /* ossl_typ.h */,
				22539FE91C47826700FDB5C2 /* pem.h */,
				22539FEA1C47826700FDB5C2 /* pem2.h */,
				22539FEB1C47826700FDB5C2 /* pkcs12.h */,
				22539FEC1C47826700FDB5C2 /* pkcs7.h */,
				22539FED1C47826700FDB5C2 /* pqueue.h */,
				22539FEE1C47826700FDB5C2 /* rand.h */,
				22539FEF1C47826700FDB5C2 /* rc2.h */,
				22539FF01C47826700FDB5C2 /* rc4.h */,
				22539FF11C47826700FDB5C2 /* ripemd.h */,
				22539FF21C47826700FDB5C2 /* rsa.h */,
				22539FF31C47826700FDB5C2 /* safestack.h */,
				22539FF41C47826700FDB5C2 /* seed.h */,
				22539FF51C47826700FDB5C2 /* sha.h */,
				22539FF61C47826700FDB5C2 /* srp.h */,
				22539FF71C47826700FDB5C2 /* srtp.h */,
				22539FF81C47826700FDB5C2 /* ssl.h */,
				22539FF91C47826700FDB5C2 /* ssl2.h */,
				22539FFA1C47826700FDB5C2 /* ssl23.h */,
				22539FFB1C47826700FDB5C2 /* ssl3.h */,
				22539FFC1C47826700FDB5C2 /* stack.h */,
				22539FFD1C47826700FDB5C2 /* symhacks.h */,
				22539FFE1C47826700FDB5C2 /* tls1.h */,
				22539FFF1C47826700FDB5C2 /* ts.h */,
				2253A0001C47826700FDB5C2 /* txt_db.h */,
				2253A0011C47826700FDB5C2 /* ui.h */,
				2253A0021C47826700FDB5C2 /* ui_compat.h */,
				2253A0031C47826700FDB5C2 /* whrlpool.h */,
				2253A0041C47826700FDB5C2 /* x509.h */,
				2253A0051C47826700FDB5C2 /* x509_vfy.h */,
				2253A0061C47826700FDB5C2 /* x509v3.h */,
			);
			path = openssl;
			sourceTree = "<group>";
		};
		8CB1C292D04DDD03EF028F9C /* Pods */ = {
			isa = PBXGroup;
			children = (
				B965679FB85CF2612D3FABA5 /* Pods-JSCallNativeTest.debug.xcconfig */,
				960527291BFE83593315BC5B /* Pods-JSCallNativeTest.release.xcconfig */,
			);
			name = Pods;
			sourceTree = "<group>";
		};
		DBA67137685D5218AA204DF1 /* Frameworks */ = {
			isa = PBXGroup;
			children = (
				22015D6E1C4F7E9E00908BE2 /* CoreLocation.framework */,
				22088EAF1C1029DA00A64399 /* JavaScriptCore.framework */,
				151AEAD54135684E47169120 /* libPods-JSCallNativeTest.a */,
			);
			name = Frameworks;
			sourceTree = "<group>";
		};
/* End PBXGroup section */

/* Begin PBXNativeTarget section */
		22088E781C10299A00A64399 /* JSCallNativeTest */ = {
			isa = PBXNativeTarget;
			buildConfigurationList = 22088EA61C10299B00A64399 /* Build configuration list for PBXNativeTarget "JSCallNativeTest" */;
			buildPhases = (
				90D62BC5A5ABBDC8D0BE5FD2 /* Check Pods Manifest.lock */,
				22088E751C10299A00A64399 /* Sources */,
				22088E761C10299A00A64399 /* Frameworks */,
				22088E771C10299A00A64399 /* Resources */,
				432D62863D8209E82665AC63 /* Copy Pods Resources */,
			);
			buildRules = (
			);
			dependencies = (
			);
			name = JSCallNativeTest;
			productName = JSCallNativeTest;
			productReference = 22088E791C10299A00A64399 /* JSCallNativeTest.app */;
			productType = "com.apple.product-type.application";
		};
		22088E911C10299A00A64399 /* JSCallNativeTestTests */ = {
			isa = PBXNativeTarget;
			buildConfigurationList = 22088EA91C10299B00A64399 /* Build configuration list for PBXNativeTarget "JSCallNativeTestTests" */;
			buildPhases = (
				22088E8E1C10299A00A64399 /* Sources */,
				22088E8F1C10299A00A64399 /* Frameworks */,
				22088E901C10299A00A64399 /* Resources */,
			);
			buildRules = (
			);
			dependencies = (
				22088E941C10299A00A64399 /* PBXTargetDependency */,
			);
			name = JSCallNativeTestTests;
			productName = JSCallNativeTestTests;
			productReference = 22088E921C10299A00A64399 /* JSCallNativeTestTests.xctest */;
			productType = "com.apple.product-type.bundle.unit-test";
		};
		22088E9C1C10299A00A64399 /* JSCallNativeTestUITests */ = {
			isa = PBXNativeTarget;
			buildConfigurationList = 22088EAC1C10299B00A64399 /* Build configuration list for PBXNativeTarget "JSCallNativeTestUITests" */;
			buildPhases = (
				22088E991C10299A00A64399 /* Sources */,
				22088E9A1C10299A00A64399 /* Frameworks */,
				22088E9B1C10299A00A64399 /* Resources */,
			);
			buildRules = (
			);
			dependencies = (
				22088E9F1C10299A00A64399 /* PBXTargetDependency */,
			);
			name = JSCallNativeTestUITests;
			productName = JSCallNativeTestUITests;
			productReference = 22088E9D1C10299A00A64399 /* JSCallNativeTestUITests.xctest */;
			productType = "com.apple.product-type.bundle.ui-testing";
		};
/* End PBXNativeTarget section */

/* Begin PBXProject section */
		22088E711C10299A00A64399 /* Project object */ = {
			isa = PBXProject;
			attributes = {
				LastUpgradeCheck = 0710;
				ORGANIZATIONNAME = "杨世昌";
				TargetAttributes = {
					22088E781C10299A00A64399 = {
						CreatedOnToolsVersion = 7.1.1;
					};
					22088E911C10299A00A64399 = {
						CreatedOnToolsVersion = 7.1.1;
						TestTargetID = 22088E781C10299A00A64399;
					};
					22088E9C1C10299A00A64399 = {
						CreatedOnToolsVersion = 7.1.1;
						TestTargetID = 22088E781C10299A00A64399;
					};
				};
			};
			buildConfigurationList = 22088E741C10299A00A64399 /* Build configuration list for PBXProject "JSCallNativeTest" */;
			compatibilityVersion = "Xcode 3.2";
			developmentRegion = English;
			hasScannedForEncodings = 0;
			knownRegions = (
				en,
				Base,
			);
			mainGroup = 22088E701C10299A00A64399;
			productRefGroup = 22088E7A1C10299A00A64399 /* Products */;
			projectDirPath = "";
			projectRoot = "";
			targets = (
				22088E781C10299A00A64399 /* JSCallNativeTest */,
				22088E911C10299A00A64399 /* JSCallNativeTestTests */,
				22088E9C1C10299A00A64399 /* JSCallNativeTestUITests */,
			);
		};
/* End PBXProject section */

/* Begin PBXResourcesBuildPhase section */
		22088E771C10299A00A64399 /* Resources */ = {
			isa = PBXResourcesBuildPhase;
			buildActionMask = 2147483647;
			files = (
				22539FB41C47813600FDB5C2 /* private_key_1024.pem in Resources */,
				22539FB31C47813600FDB5C2 /* public_key_1024.pem in Resources */,
				22539F7F1C40BB0200FDB5C2 /* www in Resources */,
				22539F811C40BB3300FDB5C2 /* config.xml in Resources */,
				22088E8C1C10299A00A64399 /* LaunchScreen.storyboard in Resources */,
				22088E891C10299A00A64399 /* Assets.xcassets in Resources */,
				22088E871C10299A00A64399 /* Main.storyboard in Resources */,
				22088EB21C1029F000A64399 /* ExampleApp.html in Resources */,
				22539F9E1C44FEF600FDB5C2 /* main.js in Resources */,
			);
			runOnlyForDeploymentPostprocessing = 0;
		};
		22088E901C10299A00A64399 /* Resources */ = {
			isa = PBXResourcesBuildPhase;
			buildActionMask = 2147483647;
			files = (
			);
			runOnlyForDeploymentPostprocessing = 0;
		};
		22088E9B1C10299A00A64399 /* Resources */ = {
			isa = PBXResourcesBuildPhase;
			buildActionMask = 2147483647;
			files = (
			);
			runOnlyForDeploymentPostprocessing = 0;
		};
/* End PBXResourcesBuildPhase section */

/* Begin PBXShellScriptBuildPhase section */
		432D62863D8209E82665AC63 /* Copy Pods Resources */ = {
			isa = PBXShellScriptBuildPhase;
			buildActionMask = 2147483647;
			files = (
			);
			inputPaths = (
			);
			name = "Copy Pods Resources";
			outputPaths = (
			);
			runOnlyForDeploymentPostprocessing = 0;
			shellPath = /bin/sh;
			shellScript = "\"${SRCROOT}/Pods/Target Support Files/Pods-JSCallNativeTest/Pods-JSCallNativeTest-resources.sh\"\n";
			showEnvVarsInLog = 0;
		};
		90D62BC5A5ABBDC8D0BE5FD2 /* Check Pods Manifest.lock */ = {
			isa = PBXShellScriptBuildPhase;
			buildActionMask = 2147483647;
			files = (
			);
			inputPaths = (
			);
			name = "Check Pods Manifest.lock";
			outputPaths = (
			);
			runOnlyForDeploymentPostprocessing = 0;
			shellPath = /bin/sh;
			shellScript = "diff \"${PODS_ROOT}/../Podfile.lock\" \"${PODS_ROOT}/Manifest.lock\" > /dev/null\nif [[ $? != 0 ]] ; then\n    cat << EOM\nerror: The sandbox is not in sync with the Podfile.lock. Run 'pod install' or update your CocoaPods installation.\nEOM\n    exit 1\nfi\n";
			showEnvVarsInLog = 0;
		};
/* End PBXShellScriptBuildPhase section */

/* Begin PBXSourcesBuildPhase section */
		22088E751C10299A00A64399 /* Sources */ = {
			isa = PBXSourcesBuildPhase;
			buildActionMask = 2147483647;
			files = (
				22088E841C10299A00A64399 /* ViewController.m in Sources */,
				22088E811C10299A00A64399 /* AppDelegate.m in Sources */,
				22539FA61C462B3100FDB5C2 /* RSA.m in Sources */,
				22088E7E1C10299A00A64399 /* main.m in Sources */,
				224487891C4DD85A008D617B /* SecondViewController.m in Sources */,
				22539FAE1C47805400FDB5C2 /* js_base_64.c in Sources */,
				22539FAF1C47805400FDB5C2 /* js_rsa.c in Sources */,
				22539FB01C47805400FDB5C2 /* JSRSA.m in Sources */,
				22057D131C60830D0033B077 /* YURLProtocol.m in Sources */,
			);
			runOnlyForDeploymentPostprocessing = 0;
		};
		22088E8E1C10299A00A64399 /* Sources */ = {
			isa = PBXSourcesBuildPhase;
			buildActionMask = 2147483647;
			files = (
				22088E971C10299A00A64399 /* JSCallNativeTestTests.m in Sources */,
			);
			runOnlyForDeploymentPostprocessing = 0;
		};
		22088E991C10299A00A64399 /* Sources */ = {
			isa = PBXSourcesBuildPhase;
			buildActionMask = 2147483647;
			files = (
				22088EA21C10299A00A64399 /* JSCallNativeTestUITests.m in Sources */,
			);
			runOnlyForDeploymentPostprocessing = 0;
		};
/* End PBXSourcesBuildPhase section */

/* Begin PBXTargetDependency section */
		22088E941C10299A00A64399 /* PBXTargetDependency */ = {
			isa = PBXTargetDependency;
			target = 22088E781C10299A00A64399 /* JSCallNativeTest */;
			targetProxy = 22088E931C10299A00A64399 /* PBXContainerItemProxy */;
		};
		22088E9F1C10299A00A64399 /* PBXTargetDependency */ = {
			isa = PBXTargetDependency;
			target = 22088E781C10299A00A64399 /* JSCallNativeTest */;
			targetProxy = 22088E9E1C10299A00A64399 /* PBXContainerItemProxy */;
		};
/* End PBXTargetDependency section */

/* Begin PBXVariantGroup section */
		22088E851C10299A00A64399 /* Main.storyboard */ = {
			isa = PBXVariantGroup;
			children = (
				22088E861C10299A00A64399 /* Base */,
			);
			name = Main.storyboard;
			sourceTree = "<group>";
		};
		22088E8A1C10299A00A64399 /* LaunchScreen.storyboard */ = {
			isa = PBXVariantGroup;
			children = (
				22088E8B1C10299A00A64399 /* Base */,
			);
			name = LaunchScreen.storyboard;
			sourceTree = "<group>";
		};
/* End PBXVariantGroup section */

/* Begin XCBuildConfiguration section */
		22088EA41C10299B00A64399 /* Debug */ = {
			isa = XCBuildConfiguration;
			buildSettings = {
				ALWAYS_SEARCH_USER_PATHS = NO;
				CLANG_CXX_LANGUAGE_STANDARD = "gnu++0x";
				CLANG_CXX_LIBRARY = "libc++";
				CLANG_ENABLE_MODULES = YES;
				CLANG_ENABLE_OBJC_ARC = YES;
				CLANG_WARN_BOOL_CONVERSION = YES;
				CLANG_WARN_CONSTANT_CONVERSION = YES;
				CLANG_WARN_DIRECT_OBJC_ISA_USAGE = YES_ERROR;
				CLANG_WARN_EMPTY_BODY = YES;
				CLANG_WARN_ENUM_CONVERSION = YES;
				CLANG_WARN_INT_CONVERSION = YES;
				CLANG_WARN_OBJC_ROOT_CLASS = YES_ERROR;
				CLANG_WARN_UNREACHABLE_CODE = YES;
				CLANG_WARN__DUPLICATE_METHOD_MATCH = YES;
				"CODE_SIGN_IDENTITY[sdk=iphoneos*]" = "iPhone Developer";
				COPY_PHASE_STRIP = NO;
				DEBUG_INFORMATION_FORMAT = dwarf;
				ENABLE_STRICT_OBJC_MSGSEND = YES;
				ENABLE_TESTABILITY = YES;
				GCC_C_LANGUAGE_STANDARD = gnu99;
				GCC_DYNAMIC_NO_PIC = NO;
				GCC_NO_COMMON_BLOCKS = YES;
				GCC_OPTIMIZATION_LEVEL = 0;
				GCC_PREPROCESSOR_DEFINITIONS = (
					"DEBUG=1",
					"$(inherited)",
				);
				GCC_WARN_64_TO_32_BIT_CONVERSION = YES;
				GCC_WARN_ABOUT_RETURN_TYPE = YES_ERROR;
				GCC_WARN_UNDECLARED_SELECTOR = YES;
				GCC_WARN_UNINITIALIZED_AUTOS = YES_AGGRESSIVE;
				GCC_WARN_UNUSED_FUNCTION = YES;
				GCC_WARN_UNUSED_VARIABLE = YES;
				IPHONEOS_DEPLOYMENT_TARGET = 9.1;
				MTL_ENABLE_DEBUG_INFO = YES;
				ONLY_ACTIVE_ARCH = YES;
				SDKROOT = iphoneos;
			};
			name = Debug;
		};
		22088EA51C10299B00A64399 /* Release */ = {
			isa = XCBuildConfiguration;
			buildSettings = {
				ALWAYS_SEARCH_USER_PATHS = NO;
				CLANG_CXX_LANGUAGE_STANDARD = "gnu++0x";
				CLANG_CXX_LIBRARY = "libc++";
				CLANG_ENABLE_MODULES = YES;
				CLANG_ENABLE_OBJC_ARC = YES;
				CLANG_WARN_BOOL_CONVERSION = YES;
				CLANG_WARN_CONSTANT_CONVERSION = YES;
				CLANG_WARN_DIRECT_OBJC_ISA_USAGE = YES_ERROR;
				CLANG_WARN_EMPTY_BODY = YES;
				CLANG_WARN_ENUM_CONVERSION = YES;
				CLANG_WARN_INT_CONVERSION = YES;
				CLANG_WARN_OBJC_ROOT_CLASS = YES_ERROR;
				CLANG_WARN_UNREACHABLE_CODE = YES;
				CLANG_WARN__DUPLICATE_METHOD_MATCH = YES;
				"CODE_SIGN_IDENTITY[sdk=iphoneos*]" = "iPhone Developer";
				COPY_PHASE_STRIP = NO;
				DEBUG_INFORMATION_FORMAT = "dwarf-with-dsym";
				ENABLE_NS_ASSERTIONS = NO;
				ENABLE_STRICT_OBJC_MSGSEND = YES;
				GCC_C_LANGUAGE_STANDARD = gnu99;
				GCC_NO_COMMON_BLOCKS = YES;
				GCC_WARN_64_TO_32_BIT_CONVERSION = YES;
				GCC_WARN_ABOUT_RETURN_TYPE = YES_ERROR;
				GCC_WARN_UNDECLARED_SELECTOR = YES;
				GCC_WARN_UNINITIALIZED_AUTOS = YES_AGGRESSIVE;
				GCC_WARN_UNUSED_FUNCTION = YES;
				GCC_WARN_UNUSED_VARIABLE = YES;
				IPHONEOS_DEPLOYMENT_TARGET = 9.1;
				MTL_ENABLE_DEBUG_INFO = NO;
				SDKROOT = iphoneos;
				VALIDATE_PRODUCT = YES;
			};
			name = Release;
		};
		22088EA71C10299B00A64399 /* Debug */ = {
			isa = XCBuildConfiguration;
			baseConfigurationReference = B965679FB85CF2612D3FABA5 /* Pods-JSCallNativeTest.debug.xcconfig */;
			buildSettings = {
				ASSETCATALOG_COMPILER_APPICON_NAME = AppIcon;
				ENABLE_BITCODE = NO;
				HEADER_SEARCH_PATHS = (
					"$(inherited)",
					"\"${PODS_ROOT}/Headers/Public\"",
					"\"${PODS_ROOT}/Headers/Public/AFNetworking\"",
					"\"${PODS_ROOT}/Headers/Public/CocoaSecurity\"",
					"\"${PODS_ROOT}/Headers/Public/Cordova\"",
					"\"${PODS_ROOT}/Headers/Public/IQKeyboardManager\"",
					"\"${PODS_ROOT}/Headers/Public/JSPatch\"",
					"\"${PODS_ROOT}/Headers/Public/WebViewJavascriptBridge\"",
					"\"${PODS_ROOT}/Headers/Public/cordova-plugin-file\"",
					"\"${PODS_ROOT}/Headers/Public/cordova-plugin-file-transfer\"",
					"\"${PODS_ROOT}/Headers/Public/cordova-plugin-network-information\"",
					"\"${SRCROOT}/JSCallNativeTest/RSA-objc/include\"",
				);
				INFOPLIST_FILE = JSCallNativeTest/Info.plist;
				IPHONEOS_DEPLOYMENT_TARGET = 6.0;
				LD_RUNPATH_SEARCH_PATHS = "$(inherited) @executable_path/Frameworks";
				LIBRARY_SEARCH_PATHS = (
					"$(inherited)",
					"${SRCROOT}/JSCallNativeTest/RSA-objc/lib",
				);
				PRODUCT_BUNDLE_IDENTIFIER = com.neighborhood.JSCallNativeTest;
				PRODUCT_NAME = "$(TARGET_NAME)";
			};
			name = Debug;
		};
		22088EA81C10299B00A64399 /* Release */ = {
			isa = XCBuildConfiguration;
			baseConfigurationReference = 960527291BFE83593315BC5B /* Pods-JSCallNativeTest.release.xcconfig */;
			buildSettings = {
				ASSETCATALOG_COMPILER_APPICON_NAME = AppIcon;
				ENABLE_BITCODE = NO;
				HEADER_SEARCH_PATHS = (
					"$(inherited)",
					"\"${PODS_ROOT}/Headers/Public\"",
					"\"${PODS_ROOT}/Headers/Public/AFNetworking\"",
					"\"${PODS_ROOT}/Headers/Public/CocoaSecurity\"",
					"\"${PODS_ROOT}/Headers/Public/Cordova\"",
					"\"${PODS_ROOT}/Headers/Public/IQKeyboardManager\"",
					"\"${PODS_ROOT}/Headers/Public/JSPatch\"",
					"\"${PODS_ROOT}/Headers/Public/WebViewJavascriptBridge\"",
					"\"${PODS_ROOT}/Headers/Public/cordova-plugin-file\"",
					"\"${PODS_ROOT}/Headers/Public/cordova-plugin-file-transfer\"",
					"\"${PODS_ROOT}/Headers/Public/cordova-plugin-network-information\"",
					"\"${SRCROOT}/JSCallNativeTest/RSA-objc/include\"",
				);
				INFOPLIST_FILE = JSCallNativeTest/Info.plist;
				IPHONEOS_DEPLOYMENT_TARGET = 6.0;
				LD_RUNPATH_SEARCH_PATHS = "$(inherited) @executable_path/Frameworks";
				LIBRARY_SEARCH_PATHS = (
					"$(inherited)",
					"${SRCROOT}/JSCallNativeTest/RSA-objc/lib",
				);
				PRODUCT_BUNDLE_IDENTIFIER = com.neighborhood.JSCallNativeTest;
				PRODUCT_NAME = "$(TARGET_NAME)";
			};
			name = Release;
		};
		22088EAA1C10299B00A64399 /* Debug */ = {
			isa = XCBuildConfiguration;
			buildSettings = {
				BUNDLE_LOADER = "$(TEST_HOST)";
				INFOPLIST_FILE = JSCallNativeTestTests/Info.plist;
				LD_RUNPATH_SEARCH_PATHS = "$(inherited) @executable_path/Frameworks @loader_path/Frameworks";
				PRODUCT_BUNDLE_IDENTIFIER = com.neighborhood.JSCallNativeTestTests;
				PRODUCT_NAME = "$(TARGET_NAME)";
				TEST_HOST = "$(BUILT_PRODUCTS_DIR)/JSCallNativeTest.app/JSCallNativeTest";
			};
			name = Debug;
		};
		22088EAB1C10299B00A64399 /* Release */ = {
			isa = XCBuildConfiguration;
			buildSettings = {
				BUNDLE_LOADER = "$(TEST_HOST)";
				INFOPLIST_FILE = JSCallNativeTestTests/Info.plist;
				LD_RUNPATH_SEARCH_PATHS = "$(inherited) @executable_path/Frameworks @loader_path/Frameworks";
				PRODUCT_BUNDLE_IDENTIFIER = com.neighborhood.JSCallNativeTestTests;
				PRODUCT_NAME = "$(TARGET_NAME)";
				TEST_HOST = "$(BUILT_PRODUCTS_DIR)/JSCallNativeTest.app/JSCallNativeTest";
			};
			name = Release;
		};
		22088EAD1C10299B00A64399 /* Debug */ = {
			isa = XCBuildConfiguration;
			buildSettings = {
				INFOPLIST_FILE = JSCallNativeTestUITests/Info.plist;
				LD_RUNPATH_SEARCH_PATHS = "$(inherited) @executable_path/Frameworks @loader_path/Frameworks";
				PRODUCT_BUNDLE_IDENTIFIER = com.neighborhood.JSCallNativeTestUITests;
				PRODUCT_NAME = "$(TARGET_NAME)";
				TEST_TARGET_NAME = JSCallNativeTest;
				USES_XCTRUNNER = YES;
			};
			name = Debug;
		};
		22088EAE1C10299B00A64399 /* Release */ = {
			isa = XCBuildConfiguration;
			buildSettings = {
				INFOPLIST_FILE = JSCallNativeTestUITests/Info.plist;
				LD_RUNPATH_SEARCH_PATHS = "$(inherited) @executable_path/Frameworks @loader_path/Frameworks";
				PRODUCT_BUNDLE_IDENTIFIER = com.neighborhood.JSCallNativeTestUITests;
				PRODUCT_NAME = "$(TARGET_NAME)";
				TEST_TARGET_NAME = JSCallNativeTest;
				USES_XCTRUNNER = YES;
			};
			name = Release;
		};
/* End XCBuildConfiguration section */

/* Begin XCConfigurationList section */
		22088E741C10299A00A64399 /* Build configuration list for PBXProject "JSCallNativeTest" */ = {
			isa = XCConfigurationList;
			buildConfigurations = (
				22088EA41C10299B00A64399 /* Debug */,
				22088EA51C10299B00A64399 /* Release */,
			);
			defaultConfigurationIsVisible = 0;
			defaultConfigurationName = Release;
		};
		22088EA61C10299B00A64399 /* Build configuration list for PBXNativeTarget "JSCallNativeTest" */ = {
			isa = XCConfigurationList;
			buildConfigurations = (
				22088EA71C10299B00A64399 /* Debug */,
				22088EA81C10299B00A64399 /* Release */,
			);
			defaultConfigurationIsVisible = 0;
			defaultConfigurationName = Release;
		};
		22088EA91C10299B00A64399 /* Build configuration list for PBXNativeTarget "JSCallNativeTestTests" */ = {
			isa = XCConfigurationList;
			buildConfigurations = (
				22088EAA1C10299B00A64399 /* Debug */,
				22088EAB1C10299B00A64399 /* Release */,
			);
			defaultConfigurationIsVisible = 0;
			defaultConfigurationName = Release;
		};
		22088EAC1C10299B00A64399 /* Build configuration list for PBXNativeTarget "JSCallNativeTestUITests" */ = {
			isa = XCConfigurationList;
			buildConfigurations = (
				22088EAD1C10299B00A64399 /* Debug */,
				22088EAE1C10299B00A64399 /* Release */,
			);
			defaultConfigurationIsVisible = 0;
			defaultConfigurationName = Release;
		};
/* End XCConfigurationList section */
	};
	rootObject = 22088E711C10299A00A64399 /* Project object */;
}
